summary: flock(1) locks files
webpage: https://github.com/discoteq/flock
version: 0.4.0
bin-url: https://github.com/leleliu008/uppm-package-repository-macos-14.0-arm64/releases/download/2026.08.12.1/flock-0.4.0-MacOSX-14.0-arm64.tar.xz
bin-sha: 6eda036d04257d4dd2bd56c176a51d6504121e9ba0eb8b0246b1b1a01e848913
